<?xml version="1.0" encoding="utf-8"?>
<Project ToolsVersion="4.0" xmlns="http://schemas.microsoft.com/developer/msbuild/2003">
  <ItemGroup>
    <Filter Include="_dll">
      <UniqueIdentifier>{7a96dc53-f830-4fca-8bd2-ab273dde18c9}</UniqueIdentifier>
    </Filter>
    <Filter Include="qwadro">
      <UniqueIdentifier>{14538978-85f3-49cb-a037-a1eb93c17fd4}</UniqueIdentifier>
    </Filter>
  </ItemGroup>
  <ItemGroup>
    <ResourceCompile Include="e2serpro.rc">
      <Filter>_dll</Filter>
    </ResourceCompile>
  </ItemGroup>
  <ItemGroup>
    <ClInclude Include="resource.h">
      <Filter>_dll</Filter>
    </ClInclude>
  </ItemGroup>
</Project>