<?xml version="1.0" encoding="utf-8"?>
<Project ToolsVersion="4.0" xmlns="http://schemas.microsoft.com/developer/msbuild/2003">
  <ItemGroup>
    <Filter Include="_dll">
      <UniqueIdentifier>{ee902471-68b0-4120-8ab6-db72fcab549e}</UniqueIdentifier>
    </Filter>
    <Filter Include="coree">
      <UniqueIdentifier>{48bb229e-5a12-4bc7-90ba-2054655dfe4e}</UniqueIdentifier>
    </Filter>
    <Filter Include="coree\math">
      <UniqueIdentifier>{bfb78e21-6007-4902-94b2-e2c3057ff7e1}</UniqueIdentifier>
    </Filter>
    <Filter Include="coree\io">
      <UniqueIdentifier>{a28a9c88-0824-4eff-a448-c2f3e0dd9bf0}</UniqueIdentifier>
    </Filter>
    <Filter Include="coree\mem">
      <UniqueIdentifier>{b64972ca-8a8c-4c1c-aab2-0059ec9c49a0}</UniqueIdentifier>
    </Filter>
    <Filter Include="coree\base">
      <UniqueIdentifier>{629751d2-24e3-44d0-a657-fa62690906f8}</UniqueIdentifier>
    </Filter>
    <Filter Include="coree\exec">
      <UniqueIdentifier>{7b85f528-4cd5-4ea7-abf9-5de2266aa6de}</UniqueIdentifier>
    </Filter>
    <Filter Include="coree\com">
      <UniqueIdentifier>{2487f21b-5ea9-4515-a116-4bc9d3a224d7}</UniqueIdentifier>
    </Filter>
    <Filter Include="coree\com\idd">
      <UniqueIdentifier>{caa4bfcb-8696-481e-bd0e-934ab3ca67f1}</UniqueIdentifier>
    </Filter>
    <Filter Include="coree\coll">
      <UniqueIdentifier>{a655fe12-7d18-4b3f-8405-327b0978e20e}</UniqueIdentifier>
    </Filter>
    <Filter Include="coree\etc">
      <UniqueIdentifier>{2dc8fcc0-d72b-439a-b552-4e8f27c4d8bf}</UniqueIdentifier>
    </Filter>
    <Filter Include="coree\xss">
      <UniqueIdentifier>{0457e5b5-a07d-4fe6-a095-bdf8bad3f34c}</UniqueIdentifier>
    </Filter>
    <Filter Include="coree\mix">
      <UniqueIdentifier>{68b955f6-08c8-4e54-aa80-0d8a9d7645f6}</UniqueIdentifier>
    </Filter>
    <Filter Include="coree\mix\mpu">
      <UniqueIdentifier>{ccec36a0-df9f-41fc-9ba4-3d74014057ac}</UniqueIdentifier>
    </Filter>
    <Filter Include="coree\hid">
      <UniqueIdentifier>{50f5bd63-1628-4cc4-a2e3-df1be873229e}</UniqueIdentifier>
    </Filter>
    <Filter Include="coree\ux">
      <UniqueIdentifier>{94da77a9-220c-4afb-a610-b19cb8fa9862}</UniqueIdentifier>
    </Filter>
    <Filter Include="coree\pro">
      <UniqueIdentifier>{a1d72ff2-13b8-484b-bbd9-5f882bedd378}</UniqueIdentifier>
    </Filter>
    <Filter Include="coree\pro\spu">
      <UniqueIdentifier>{5dda3e2c-3b3b-4fa1-b600-7b15d6475ad6}</UniqueIdentifier>
    </Filter>
    <Filter Include="coree\draw">
      <UniqueIdentifier>{d10f9eb7-0581-4eed-8c03-ee6ade12d2d6}</UniqueIdentifier>
    </Filter>
    <Filter Include="coree\draw\dpu">
      <UniqueIdentifier>{8ea932b4-14ec-48cf-8e57-decb73ba7663}</UniqueIdentifier>
    </Filter>
    <Filter Include="coree\gui">
      <UniqueIdentifier>{e7d425cd-7f86-4b6a-849e-b83e39a8b4f1}</UniqueIdentifier>
    </Filter>
    <Filter Include="mirage">
      <UniqueIdentifier>{28ed9c1d-a9ea-41f7-9ad4-823071a67ce8}</UniqueIdentifier>
    </Filter>
    <Filter Include="mirage\sim">
      <UniqueIdentifier>{eb5b9bf2-e239-462c-8bd5-074910e10272}</UniqueIdentifier>
    </Filter>
    <Filter Include="mirage\coll">
      <UniqueIdentifier>{16958878-bb7a-4797-973d-49d8c2dec9a8}</UniqueIdentifier>
    </Filter>
    <Filter Include="mirage\cad">
      <UniqueIdentifier>{707284df-8884-4884-8d26-b40002657622}</UniqueIdentifier>
    </Filter>
    <Filter Include="mirage\scene">
      <UniqueIdentifier>{7c6b39fd-040e-452b-ae93-7ea632ec707b}</UniqueIdentifier>
    </Filter>
    <Filter Include="mirage\anim">
      <UniqueIdentifier>{983dda03-b23a-4d27-a37e-4e77d11ce3d4}</UniqueIdentifier>
    </Filter>
    <Filter Include="mirage\iris">
      <UniqueIdentifier>{5a4ab567-daa6-4e0c-97a5-4681984478c1}</UniqueIdentifier>
    </Filter>
    <Filter Include="dep">
      <UniqueIdentifier>{521e8835-a2c8-4a72-b816-46e5c94c204e}</UniqueIdentifier>
    </Filter>
    <Filter Include="euclid">
      <UniqueIdentifier>{f99af0c9-1927-42c4-a314-0984d9b9cc3a}</UniqueIdentifier>
    </Filter>
    <Filter Include="coree\video">
      <UniqueIdentifier>{66c6db98-75f1-4d79-9cc7-b249263842cb}</UniqueIdentifier>
    </Filter>
    <Filter Include="coree\draw\io">
      <UniqueIdentifier>{cd58bd89-8767-4364-a560-ec8d9f245a47}</UniqueIdentifier>
    </Filter>
    <Filter Include="coree\mix\io">
      <UniqueIdentifier>{c125f637-3aa1-48a9-b20b-f284815ccf9b}</UniqueIdentifier>
    </Filter>
    <Filter Include="coree\pro\io">
      <UniqueIdentifier>{0a883975-3637-4f76-89bc-6da3579aea85}</UniqueIdentifier>
    </Filter>
  </ItemGroup>
  <ItemGroup>
    <ClInclude Include="..\..\..\qwadro\afxQwadro.h">
      <Filter>coree</Filter>
    </ClInclude>
    <ClInclude Include="..\..\..\qwadro\math\afxMathDefs.h">
      <Filter>coree\math</Filter>
    </ClInclude>
    <ClInclude Include="..\..\..\qwadro\math\afxVector.h">
      <Filter>coree\math</Filter>
    </ClInclude>
    <ClInclude Include="..\..\..\qwadro\math\afxRotor.h">
      <Filter>coree\math</Filter>
    </ClInclude>
    <ClInclude Include="..\..\..\qwadro\afxPool.h">
      <Filter>coree\mem</Filter>
    </ClInclude>
    <ClInclude Include="..\..\..\qwadro\afxQueue.h">
      <Filter>coree\mem</Filter>
    </ClInclude>
    <ClInclude Include="..\..\..\qwadro\afxSlabAllocator.h">
      <Filter>coree\mem</Filter>
    </ClInclude>
    <ClInclude Include="..\..\..\qwadro\afxStack.h">
      <Filter>coree\mem</Filter>
    </ClInclude>
    <ClInclude Include="..\..\..\qwadro\afxArena.h">
      <Filter>coree\mem</Filter>
    </ClInclude>
    <ClInclude Include="..\..\..\qwadro\afxArray.h">
      <Filter>coree\mem</Filter>
    </ClInclude>
    <ClInclude Include="resource.h">
      <Filter>_dll</Filter>
    </ClInclude>
    <ClInclude Include="..\..\..\qwadro\afxMappedString.h">
      <Filter>coree\mem</Filter>
    </ClInclude>
    <ClInclude Include="..\..\..\qwadro\afxEvent.h">
      <Filter>coree\base</Filter>
    </ClInclude>
    <ClInclude Include="..\..\..\qwadro\afxFcc.h">
      <Filter>coree\base</Filter>
    </ClInclude>
    <ClInclude Include="..\..\..\qwadro\afxFixedString.h">
      <Filter>coree\base</Filter>
    </ClInclude>
    <ClInclude Include="..\..\..\qwadro\afxIterator.h">
      <Filter>coree\base</Filter>
    </ClInclude>
    <ClInclude Include="..\..\..\qwadro\afxObject.h">
      <Filter>coree\base</Filter>
    </ClInclude>
    <ClInclude Include="..\..\..\qwadro\afxPlatformDefs.h">
      <Filter>coree\base</Filter>
    </ClInclude>
    <ClInclude Include="..\..\..\qwadro\afxRawString.h">
      <Filter>coree\base</Filter>
    </ClInclude>
    <ClInclude Include="..\..\..\qwadro\afxString.h">
      <Filter>coree\base</Filter>
    </ClInclude>
    <ClInclude Include="..\..\..\qwadro\afxVersion.h">
      <Filter>coree\base</Filter>
    </ClInclude>
    <ClInclude Include="..\..\..\qwadro\afxChain.h">
      <Filter>coree\base</Filter>
    </ClInclude>
    <ClInclude Include="..\..\..\qwadro\afxClass.h">
      <Filter>coree\base</Filter>
    </ClInclude>
    <ClInclude Include="..\..\..\qwadro\afxCoreDefs.h">
      <Filter>coree\base</Filter>
    </ClInclude>
    <ClInclude Include="..\..\..\qwadro\afxSystem.h">
      <Filter>coree\exec</Filter>
    </ClInclude>
    <ClInclude Include="..\..\..\qwadro\afxThread.h">
      <Filter>coree\exec</Filter>
    </ClInclude>
    <ClInclude Include="..\..\..\qwadro\afxTime.h">
      <Filter>coree\exec</Filter>
    </ClInclude>
    <ClInclude Include="..\..\..\qwadro\afxAtomic.h">
      <Filter>coree\exec</Filter>
    </ClInclude>
    <ClInclude Include="..\..\..\qwadro\afxClock.h">
      <Filter>coree\exec</Filter>
    </ClInclude>
    <ClInclude Include="..\..\..\qwadro\afxCondition.h">
      <Filter>coree\exec</Filter>
    </ClInclude>
    <ClInclude Include="..\..\..\qwadro\afxDevice.h">
      <Filter>coree\exec</Filter>
    </ClInclude>
    <ClInclude Include="..\..\..\qwadro\afxModule.h">
      <Filter>coree\exec</Filter>
    </ClInclude>
    <ClInclude Include="..\..\..\qwadro\afxMutex.h">
      <Filter>coree\exec</Filter>
    </ClInclude>
    <ClInclude Include="..\..\..\qwadro\afxSemaphore.h">
      <Filter>coree\exec</Filter>
    </ClInclude>
    <ClInclude Include="..\..\..\qwadro\afxService.h">
      <Filter>coree\exec</Filter>
    </ClInclude>
    <ClInclude Include="..\..\..\qwadro\afxInterlockedQueue.h">
      <Filter>coree\mem</Filter>
    </ClInclude>
    <ClInclude Include="..\..\..\qwadro\math\afxScalar.h">
      <Filter>coree\math</Filter>
    </ClInclude>
    <ClInclude Include="..\..\..\qwadro\afxMemory.h">
      <Filter>coree\mem</Filter>
    </ClInclude>
    <ClInclude Include="..\..\..\qwadro\math\afxReal16.h">
      <Filter>coree\math</Filter>
    </ClInclude>
    <ClInclude Include="..\..\..\qwadro\afxProcess.h">
      <Filter>coree\exec</Filter>
    </ClInclude>
    <ClInclude Include="..\..\..\qwadro\afxTerminal.h">
      <Filter>coree\exec</Filter>
    </ClInclude>
    <ClInclude Include="..\..\..\qwadro\afxThreadPool.h">
      <Filter>coree\exec</Filter>
    </ClInclude>
    <ClInclude Include="..\..\..\qwadro\afxFutex.h">
      <Filter>coree\exec</Filter>
    </ClInclude>
    <ClInclude Include="..\..\..\qwadro\math\afxHyperbolicTrigonometry.h">
      <Filter>coree\math</Filter>
    </ClInclude>
    <ClInclude Include="..\..\..\qwadro\math\afxArithmetic.h">
      <Filter>coree\math</Filter>
    </ClInclude>
    <ClInclude Include="..\..\..\qwadro\math\afxLogarithmic.h">
      <Filter>coree\math</Filter>
    </ClInclude>
    <ClInclude Include="..\..\..\qwadro\afxMemoryUtil.h">
      <Filter>coree\mem</Filter>
    </ClInclude>
    <ClInclude Include="..\..\..\qwadro\math\afxArithmetic2.h">
      <Filter>coree\math</Filter>
    </ClInclude>
    <ClInclude Include="..\..\..\qwadro\afxWarp.h">
      <Filter>coree\base</Filter>
    </ClInclude>
    <ClInclude Include="..\..\..\qwadro\afxRect.h">
      <Filter>coree\base</Filter>
    </ClInclude>
    <ClInclude Include="..\..\..\qwadro\math\afxTrigonometry.h">
      <Filter>coree\math</Filter>
    </ClInclude>
    <ClInclude Include="..\..\..\qwadro\math\afxVertex.h">
      <Filter>coree\math</Filter>
    </ClInclude>
    <ClInclude Include="..\..\..\qwadro\math\afxMatrix.h">
      <Filter>coree\math</Filter>
    </ClInclude>
    <ClInclude Include="..\..\..\qwadro\math\afxQuaternion.h">
      <Filter>coree\math</Filter>
    </ClInclude>
    <ClInclude Include="..\..\..\qwadro\math\afxSpace.h">
      <Filter>coree\math</Filter>
    </ClInclude>
    <ClInclude Include="..\..\..\qwadro\math\afxTransform.h">
      <Filter>coree\math</Filter>
    </ClInclude>
    <ClInclude Include="..\..\..\qwadro\afxRing.h">
      <Filter>coree\mem</Filter>
    </ClInclude>
    <ClInclude Include="..\..\..\qwadro\coll\afxCapsule.h">
      <Filter>coree\coll</Filter>
    </ClInclude>
    <ClInclude Include="..\..\..\qwadro\coll\afxFrustum.h">
      <Filter>coree\coll</Filter>
    </ClInclude>
    <ClInclude Include="..\..\..\qwadro\coll\afxPlane.h">
      <Filter>coree\coll</Filter>
    </ClInclude>
    <ClInclude Include="..\..\..\qwadro\coll\afxRay.h">
      <Filter>coree\coll</Filter>
    </ClInclude>
    <ClInclude Include="..\..\..\qwadro\coll\afxSphere.h">
      <Filter>coree\coll</Filter>
    </ClInclude>
    <ClInclude Include="..\..\..\qwadro\coll\afxVolume.h">
      <Filter>coree\coll</Filter>
    </ClInclude>
    <ClInclude Include="..\..\..\qwadro\coll\afxBox.h">
      <Filter>coree\coll</Filter>
    </ClInclude>
    <ClInclude Include="..\..\..\qwadro\afxDebug.h">
      <Filter>coree\exec</Filter>
    </ClInclude>
    <ClInclude Include="..\..\..\qwadro\afxUri.h">
      <Filter>coree\base</Filter>
    </ClInclude>
    <ClInclude Include="..\..\..\qwadro\etc\afxManifest2.h">
      <Filter>coree\etc</Filter>
    </ClInclude>
    <ClInclude Include="..\..\..\qwadro\etc\afxUrd.h">
      <Filter>coree\etc</Filter>
    </ClInclude>
    <ClInclude Include="..\..\..\qwadro\etc\afxXml.h">
      <Filter>coree\etc</Filter>
    </ClInclude>
    <ClInclude Include="..\..\..\qwadro\etc\afxManifest.h">
      <Filter>coree\etc</Filter>
    </ClInclude>
    <ClInclude Include="..\..\..\qwadro\etc\afxResource.h">
      <Filter>coree\etc</Filter>
    </ClInclude>
    <ClInclude Include="..\..\..\qwadro\afxSimd.h">
      <Filter>coree\base</Filter>
    </ClInclude>
    <ClInclude Include="..\..\..\qwadro\afxArchive.h">
      <Filter>coree\io</Filter>
    </ClInclude>
    <ClInclude Include="..\..\..\qwadro\afxData.h">
      <Filter>coree\io</Filter>
    </ClInclude>
    <ClInclude Include="..\..\..\qwadro\afxDatabase.h">
      <Filter>coree\io</Filter>
    </ClInclude>
    <ClInclude Include="..\..\..\qwadro\afxFile.h">
      <Filter>coree\io</Filter>
    </ClInclude>
    <ClInclude Include="..\..\..\qwadro\afxIoBridge.h">
      <Filter>coree\io</Filter>
    </ClInclude>
    <ClInclude Include="..\..\..\qwadro\afxIoContext.h">
      <Filter>coree\io</Filter>
    </ClInclude>
    <ClInclude Include="..\..\..\qwadro\afxSource.h">
      <Filter>coree\io</Filter>
    </ClInclude>
    <ClInclude Include="..\..\..\qwadro\afxStorage.h">
      <Filter>coree\io</Filter>
    </ClInclude>
    <ClInclude Include="..\..\..\qwadro\afxStream.h">
      <Filter>coree\io</Filter>
    </ClInclude>
    <ClInclude Include="..\..\..\qwadro\afxStreamOps.h">
      <Filter>coree\io</Filter>
    </ClInclude>
    <ClInclude Include="..\..\coree\xss\xssMath.h">
      <Filter>coree\xss</Filter>
    </ClInclude>
    <ClInclude Include="..\..\coree\xss\xssOpcodes.h">
      <Filter>coree\xss</Filter>
    </ClInclude>
    <ClInclude Include="..\..\coree\xss\xssOptMeta.h">
      <Filter>coree\xss</Filter>
    </ClInclude>
    <ClInclude Include="..\..\coree\xss\xssOptRandom.h">
      <Filter>coree\xss</Filter>
    </ClInclude>
    <ClInclude Include="..\..\coree\xss\xssPrimitive.h">
      <Filter>coree\xss</Filter>
    </ClInclude>
    <ClInclude Include="..\..\coree\xss\xssUtils.h">
      <Filter>coree\xss</Filter>
    </ClInclude>
    <ClInclude Include="..\..\coree\xss\xssValue.h">
      <Filter>coree\xss</Filter>
    </ClInclude>
    <ClInclude Include="..\..\coree\xss\xssVm.h">
      <Filter>coree\xss</Filter>
    </ClInclude>
    <ClInclude Include="..\..\coree\xss\xss.h">
      <Filter>coree\xss</Filter>
    </ClInclude>
    <ClInclude Include="..\..\coree\xss\xssCommon.h">
      <Filter>coree\xss</Filter>
    </ClInclude>
    <ClInclude Include="..\..\coree\xss\xssCompiler.h">
      <Filter>coree\xss</Filter>
    </ClInclude>
    <ClInclude Include="..\..\coree\xss\xssCore.h">
      <Filter>coree\xss</Filter>
    </ClInclude>
    <ClInclude Include="..\..\coree\xss\xssDebug.h">
      <Filter>coree\xss</Filter>
    </ClInclude>
    <ClInclude Include="..\..\..\qwadro\mix\afxMixQueue.h">
      <Filter>coree\mix</Filter>
    </ClInclude>
    <ClInclude Include="..\..\..\qwadro\mix\afxMixSystem.h">
      <Filter>coree\mix</Filter>
    </ClInclude>
    <ClInclude Include="..\..\..\qwadro\mix\afxSink.h">
      <Filter>coree\mix</Filter>
    </ClInclude>
    <ClInclude Include="..\..\..\qwadro\mix\amxCodec.h">
      <Filter>coree\mix</Filter>
    </ClInclude>
    <ClInclude Include="..\..\..\qwadro\mix\amxDecoder.h">
      <Filter>coree\mix</Filter>
    </ClInclude>
    <ClInclude Include="..\..\..\qwadro\mix\amxEncoder.h">
      <Filter>coree\mix</Filter>
    </ClInclude>
    <ClInclude Include="..\..\..\qwadro\mix\amxFormat.h">
      <Filter>coree\mix</Filter>
    </ClInclude>
    <ClInclude Include="..\..\..\qwadro\mix\amxMixage.h">
      <Filter>coree\mix</Filter>
    </ClInclude>
    <ClInclude Include="..\..\..\qwadro\mix\amxPump.h">
      <Filter>coree\mix</Filter>
    </ClInclude>
    <ClInclude Include="..\..\..\qwadro\mix\amxSound.h">
      <Filter>coree\mix</Filter>
    </ClInclude>
    <ClInclude Include="..\..\..\qwadro\mix\amxSoundscape.h">
      <Filter>coree\mix</Filter>
    </ClInclude>
    <ClInclude Include="..\..\..\qwadro\mix\amxTracker.h">
      <Filter>coree\mix</Filter>
    </ClInclude>
    <ClInclude Include="..\..\..\qwadro\mix\amxVideo.h">
      <Filter>coree\mix</Filter>
    </ClInclude>
    <ClInclude Include="..\..\..\qwadro\mix\amxVoice.h">
      <Filter>coree\mix</Filter>
    </ClInclude>
    <ClInclude Include="..\..\..\qwadro\mix\afxMixBridge.h">
      <Filter>coree\mix</Filter>
    </ClInclude>
    <ClInclude Include="..\..\..\qwadro\mix\afxMixContext.h">
      <Filter>coree\mix</Filter>
    </ClInclude>
    <ClInclude Include="..\..\..\qwadro\mix\afxMixDefs.h">
      <Filter>coree\mix</Filter>
    </ClInclude>
    <ClInclude Include="..\..\..\qwadro\mix\afxMixDevice.h">
      <Filter>coree\mix</Filter>
    </ClInclude>
    <ClInclude Include="..\..\coree\mix\amxIcd.h">
      <Filter>coree\mix</Filter>
    </ClInclude>
    <ClInclude Include="..\..\coree\mix\amxSoundDDK.h">
      <Filter>coree\mix</Filter>
    </ClInclude>
    <ClInclude Include="..\..\coree\mix\amxSoundscapeDDK.h">
      <Filter>coree\mix</Filter>
    </ClInclude>
    <ClInclude Include="..\..\coree\mix\amxTrackerDDK.h">
      <Filter>coree\mix</Filter>
    </ClInclude>
    <ClInclude Include="..\..\..\qwadro\hid\afxHid.h">
      <Filter>coree\hid</Filter>
    </ClInclude>
    <ClInclude Include="..\..\..\qwadro\hid\afxKeyboard.h">
      <Filter>coree\hid</Filter>
    </ClInclude>
    <ClInclude Include="..\..\..\qwadro\hid\afxGamepad.h">
      <Filter>coree\hid</Filter>
    </ClInclude>
    <ClInclude Include="..\..\coree\afxServiceDDK.h">
      <Filter>coree\exec</Filter>
    </ClInclude>
    <ClInclude Include="..\..\coree\afxSystemDDK.h">
      <Filter>coree\exec</Filter>
    </ClInclude>
    <ClInclude Include="..\..\coree\afxThreadingDDK.h">
      <Filter>coree\exec</Filter>
    </ClInclude>
    <ClInclude Include="..\..\coree\afxDeviceDDK.h">
      <Filter>coree\exec</Filter>
    </ClInclude>
    <ClInclude Include="..\..\coree\afxModuleDDK.h">
      <Filter>coree\exec</Filter>
    </ClInclude>
    <ClInclude Include="..\..\coree\afxIoDDK.h">
      <Filter>coree\io</Filter>
    </ClInclude>
    <ClInclude Include="..\..\coree\afxStorageDDK.h">
      <Filter>coree\io</Filter>
    </ClInclude>
    <ClInclude Include="..\..\coree\afxStreamDDK.h">
      <Filter>coree\io</Filter>
    </ClInclude>
    <ClInclude Include="..\..\coree\afxArchiveDDK.h">
      <Filter>coree\io</Filter>
    </ClInclude>
    <ClInclude Include="..\..\coree\draw\dpu\avxDpuTransference.h">
      <Filter>coree\draw\dpu</Filter>
    </ClInclude>
    <ClInclude Include="..\..\coree\draw\dpu\avxDpuExecutor.h">
      <Filter>coree\draw\dpu</Filter>
    </ClInclude>
    <ClInclude Include="..\..\coree\mix\mpu\amxMpuContext.h">
      <Filter>coree\mix\mpu</Filter>
    </ClInclude>
    <ClInclude Include="..\..\coree\mix\mpu\amxMpuExecutor.h">
      <Filter>coree\mix\mpu</Filter>
    </ClInclude>
    <ClInclude Include="..\..\coree\mix\mpu\amxMpuSoundscape.h">
      <Filter>coree\mix\mpu</Filter>
    </ClInclude>
    <ClInclude Include="..\..\coree\mix\mpu\amxMpuTransference.h">
      <Filter>coree\mix\mpu</Filter>
    </ClInclude>
    <ClInclude Include="..\..\coree\mix\mpu\amxMpuAudio.h">
      <Filter>coree\mix\mpu</Filter>
    </ClInclude>
    <ClInclude Include="..\..\coree\pro\spu\acxSpuTransference.h">
      <Filter>coree\pro\spu</Filter>
    </ClInclude>
    <ClInclude Include="..\..\coree\pro\spu\acxSpuExecutor.h">
      <Filter>coree\pro\spu</Filter>
    </ClInclude>
    <ClInclude Include="..\..\coree\pro\spu\acxSpuContext.h">
      <Filter>coree\pro\spu</Filter>
    </ClInclude>
    <ClInclude Include="..\..\..\qwadro\afxConsole.h">
      <Filter>coree\exec</Filter>
    </ClInclude>
    <ClInclude Include="..\..\..\qwadro\etc\afxNotation.h">
      <Filter>coree\etc</Filter>
    </ClInclude>
    <ClInclude Include="..\..\..\qwadro\math\afxMultiplication.h">
      <Filter>coree\math</Filter>
    </ClInclude>
    <ClInclude Include="..\..\..\qwadro\math\afxTransformation.h">
      <Filter>coree\math</Filter>
    </ClInclude>
    <ClInclude Include="..\..\..\qwadro\math\afxInterpolation.h">
      <Filter>coree\math</Filter>
    </ClInclude>
    <ClInclude Include="..\..\..\qwadro\sim\arxEngine.h">
      <Filter>mirage\sim</Filter>
    </ClInclude>
    <ClInclude Include="..\..\..\qwadro\sim\arxMiscOps.h">
      <Filter>mirage\sim</Filter>
    </ClInclude>
    <ClInclude Include="..\..\..\qwadro\sim\arxPoseOps.h">
      <Filter>mirage\sim</Filter>
    </ClInclude>
    <ClInclude Include="..\..\..\qwadro\sim\arxSampleContext.h">
      <Filter>mirage\sim</Filter>
    </ClInclude>
    <ClInclude Include="..\..\..\qwadro\sim\arxSimBridge.h">
      <Filter>mirage\sim</Filter>
    </ClInclude>
    <ClInclude Include="..\..\..\qwadro\sim\arxSimDefs.h">
      <Filter>mirage\sim</Filter>
    </ClInclude>
    <ClInclude Include="..\..\..\qwadro\sim\arxSimulation.h">
      <Filter>mirage\sim</Filter>
    </ClInclude>
    <ClInclude Include="..\..\mirage\sim\asxImplementation.h">
      <Filter>mirage\sim</Filter>
    </ClInclude>
    <ClInclude Include="..\..\mirage\sim\asxImpl_Context.h">
      <Filter>mirage\sim</Filter>
    </ClInclude>
    <ClInclude Include="..\..\mirage\sim\asxImpl_Executor.h">
      <Filter>mirage\sim</Filter>
    </ClInclude>
    <ClInclude Include="..\..\mirage\sim\asxImpl_Simulation.h">
      <Filter>mirage\sim</Filter>
    </ClInclude>
    <ClInclude Include="..\..\..\qwadro\coll\arxBvh.h">
      <Filter>mirage\coll</Filter>
    </ClInclude>
    <ClInclude Include="..\..\..\qwadro\coll\arxCollider.h">
      <Filter>mirage\coll</Filter>
    </ClInclude>
    <ClInclude Include="..\..\..\qwadro\coll\arxCollision.h">
      <Filter>mirage\coll</Filter>
    </ClInclude>
    <ClInclude Include="..\..\..\qwadro\coll\arxOctree.h">
      <Filter>mirage\coll</Filter>
    </ClInclude>
    <ClInclude Include="..\..\..\qwadro\coll\arxQuadtree.h">
      <Filter>mirage\coll</Filter>
    </ClInclude>
    <ClInclude Include="..\..\..\qwadro\cad\arxMaterial.h">
      <Filter>mirage\cad</Filter>
    </ClInclude>
    <ClInclude Include="..\..\..\qwadro\cad\arxMesh.h">
      <Filter>mirage\cad</Filter>
    </ClInclude>
    <ClInclude Include="..\..\..\qwadro\cad\arxMeshFactory.h">
      <Filter>mirage\cad</Filter>
    </ClInclude>
    <ClInclude Include="..\..\..\qwadro\cad\arxMeshIo.h">
      <Filter>mirage\cad</Filter>
    </ClInclude>
    <ClInclude Include="..\..\..\qwadro\cad\arxModel.h">
      <Filter>mirage\cad</Filter>
    </ClInclude>
    <ClInclude Include="..\..\..\qwadro\cad\arxPose.h">
      <Filter>mirage\cad</Filter>
    </ClInclude>
    <ClInclude Include="..\..\..\qwadro\cad\arxSkeleton.h">
      <Filter>mirage\cad</Filter>
    </ClInclude>
    <ClInclude Include="..\..\..\qwadro\cad\arxTerrain.h">
      <Filter>mirage\cad</Filter>
    </ClInclude>
    <ClInclude Include="..\..\..\qwadro\cad\arxTriangulation.h">
      <Filter>mirage\cad</Filter>
    </ClInclude>
    <ClInclude Include="..\..\mirage\cad\arxMaterialDDK.h">
      <Filter>mirage\cad</Filter>
    </ClInclude>
    <ClInclude Include="..\..\mirage\cad\arxMeshDDK.h">
      <Filter>mirage\cad</Filter>
    </ClInclude>
    <ClInclude Include="..\..\mirage\cad\arxModelDDK.h">
      <Filter>mirage\cad</Filter>
    </ClInclude>
    <ClInclude Include="..\..\mirage\cad\arxPoseDDK.h">
      <Filter>mirage\cad</Filter>
    </ClInclude>
    <ClInclude Include="..\..\mirage\cad\arxSkeletonDDK.h">
      <Filter>mirage\cad</Filter>
    </ClInclude>
    <ClInclude Include="..\..\mirage\cad\arxTerrainDDK.h">
      <Filter>mirage\cad</Filter>
    </ClInclude>
    <ClInclude Include="..\..\mirage\scene\arxIcd.h">
      <Filter>mirage\scene</Filter>
    </ClInclude>
    <ClInclude Include="..\..\..\qwadro\scene\arxBuffer.h">
      <Filter>mirage\scene</Filter>
    </ClInclude>
    <ClInclude Include="..\..\..\qwadro\scene\arxBufferizer.h">
      <Filter>mirage\scene</Filter>
    </ClInclude>
    <ClInclude Include="..\..\..\qwadro\scene\arxCamera.h">
      <Filter>mirage\scene</Filter>
    </ClInclude>
    <ClInclude Include="..\..\..\qwadro\scene\arxIllumination.h">
      <Filter>mirage\scene</Filter>
    </ClInclude>
    <ClInclude Include="..\..\..\qwadro\scene\arxNode.h">
      <Filter>mirage\scene</Filter>
    </ClInclude>
    <ClInclude Include="..\..\..\qwadro\scene\arxPosture.h">
      <Filter>mirage\scene</Filter>
    </ClInclude>
    <ClInclude Include="..\..\..\qwadro\scene\arxScenario.h">
      <Filter>mirage\scene</Filter>
    </ClInclude>
    <ClInclude Include="..\..\..\qwadro\scene\arxSky.h">
      <Filter>mirage\scene</Filter>
    </ClInclude>
    <ClInclude Include="..\..\mirage\scene\arxCameraDDK.h">
      <Filter>mirage\scene</Filter>
    </ClInclude>
    <ClInclude Include="..\..\mirage\scene\arxIlluminationDDK.h">
      <Filter>mirage\scene</Filter>
    </ClInclude>
    <ClInclude Include="..\..\mirage\scene\arxBufferDDK.h">
      <Filter>mirage\scene</Filter>
    </ClInclude>
    <ClInclude Include="..\..\mirage\scene\arxNodeDDK.h">
      <Filter>mirage\scene</Filter>
    </ClInclude>
    <ClInclude Include="..\..\mirage\scene\arxScenarioDDK.h">
      <Filter>mirage\scene</Filter>
    </ClInclude>
    <ClInclude Include="..\..\mirage\scene\arxSkyDDK.h">
      <Filter>mirage\scene</Filter>
    </ClInclude>
    <ClInclude Include="..\..\..\qwadro\anim\arxAnimation.h">
      <Filter>mirage\anim</Filter>
    </ClInclude>
    <ClInclude Include="..\..\..\qwadro\anim\arxPuppet.h">
      <Filter>mirage\anim</Filter>
    </ClInclude>
    <ClInclude Include="..\..\..\qwadro\anim\arxPulley.h">
      <Filter>mirage\anim</Filter>
    </ClInclude>
    <ClInclude Include="..\..\..\qwadro\anim\arxCurve.h">
      <Filter>mirage\anim</Filter>
    </ClInclude>
    <ClInclude Include="..\..\..\qwadro\anim\arxGesture.h">
      <Filter>mirage\anim</Filter>
    </ClInclude>
    <ClInclude Include="..\..\mirage\anim\arxAnimationDDK.h">
      <Filter>mirage\anim</Filter>
    </ClInclude>
    <ClInclude Include="..\..\mirage\anim\arxPulleyDDK.h">
      <Filter>mirage\anim</Filter>
    </ClInclude>
    <ClInclude Include="..\..\mirage\anim\arxGestureDDK.h">
      <Filter>mirage\anim</Filter>
    </ClInclude>
    <ClInclude Include="..\..\mirage\anim\arxInstancedAnimationDDK.h">
      <Filter>mirage\anim</Filter>
    </ClInclude>
    <ClInclude Include="..\..\mirage\anim\arxMotiveDDK.h">
      <Filter>mirage\anim</Filter>
    </ClInclude>
    <ClInclude Include="..\..\mirage\anim\arxPuppetDDK.h">
      <Filter>mirage\anim</Filter>
    </ClInclude>
    <ClInclude Include="..\..\mirage\anim\arxCurveDDK.h">
      <Filter>mirage\anim</Filter>
    </ClInclude>
    <ClInclude Include="..\..\..\qwadro\iris\arxIrisDefs.h">
      <Filter>mirage\iris</Filter>
    </ClInclude>
    <ClInclude Include="..\..\..\qwadro\iris\arxRenderPuppet.h">
      <Filter>mirage\iris</Filter>
    </ClInclude>
    <ClInclude Include="..\..\..\qwadro\iris\arxRenderContext.h">
      <Filter>mirage\iris</Filter>
    </ClInclude>
    <ClInclude Include="..\..\..\qwadro\iris\arxRenderer.h">
      <Filter>mirage\iris</Filter>
    </ClInclude>
    <ClInclude Include="..\..\..\qwadro\iris\arxRenderModel.h">
      <Filter>mirage\iris</Filter>
    </ClInclude>
    <ClInclude Include="..\..\..\qwadro\iris\arxRenderTerrain.h">
      <Filter>mirage\iris</Filter>
    </ClInclude>
    <ClInclude Include="..\..\..\qwadro\iris\arxTechnique.h">
      <Filter>mirage\iris</Filter>
    </ClInclude>
    <ClInclude Include="..\..\..\qwadro\iris\arxWireframe.h">
      <Filter>mirage\iris</Filter>
    </ClInclude>
    <ClInclude Include="..\..\mirage\iris\arxMaterialShaders.h">
      <Filter>mirage\iris</Filter>
    </ClInclude>
    <ClInclude Include="..\..\mirage\iris\arxRenderContextDDK.h">
      <Filter>mirage\iris</Filter>
    </ClInclude>
    <ClInclude Include="..\..\mirage\iris\arxWireframeShaders.h">
      <Filter>mirage\iris</Filter>
    </ClInclude>
    <ClInclude Include="..\..\..\qwadro\draw\afxDrawBridge.h">
      <Filter>coree\draw</Filter>
    </ClInclude>
    <ClInclude Include="..\..\..\qwadro\draw\afxDrawContext.h">
      <Filter>coree\draw</Filter>
    </ClInclude>
    <ClInclude Include="..\..\..\qwadro\draw\afxDrawDefs.h">
      <Filter>coree\draw</Filter>
    </ClInclude>
    <ClInclude Include="..\..\..\qwadro\draw\afxDrawDevice.h">
      <Filter>coree\draw</Filter>
    </ClInclude>
    <ClInclude Include="..\..\..\qwadro\draw\afxDrawQueue.h">
      <Filter>coree\draw</Filter>
    </ClInclude>
    <ClInclude Include="..\..\..\qwadro\draw\afxDrawSystem.h">
      <Filter>coree\draw</Filter>
    </ClInclude>
    <ClInclude Include="..\..\..\qwadro\draw\avxBus.h">
      <Filter>coree\draw</Filter>
    </ClInclude>
    <ClInclude Include="..\..\..\qwadro\draw\avxCanvas.h">
      <Filter>coree\draw</Filter>
    </ClInclude>
    <ClInclude Include="..\..\coree\draw\avxCanvasDDK.h">
      <Filter>coree\draw</Filter>
    </ClInclude>
    <ClInclude Include="..\..\..\qwadro\draw\avxColor.h">
      <Filter>coree\draw</Filter>
    </ClInclude>
    <ClInclude Include="..\..\coree\draw\afxDrawContextDDK.h">
      <Filter>coree\draw</Filter>
    </ClInclude>
    <ClInclude Include="..\..\coree\draw\afxDrawDeviceDDK.h">
      <Filter>coree\draw</Filter>
    </ClInclude>
    <ClInclude Include="..\..\..\qwadro\draw\avxFence.h">
      <Filter>coree\draw</Filter>
    </ClInclude>
    <ClInclude Include="..\..\coree\draw\avxFenceDDK.h">
      <Filter>coree\draw</Filter>
    </ClInclude>
    <ClInclude Include="..\..\..\qwadro\draw\avxFormat.h">
      <Filter>coree\draw</Filter>
    </ClInclude>
    <ClInclude Include="..\..\coree\draw\avxIcd.h">
      <Filter>coree\draw</Filter>
    </ClInclude>
    <ClInclude Include="..\..\..\qwadro\draw\avxLigature.h">
      <Filter>coree\draw</Filter>
    </ClInclude>
    <ClInclude Include="..\..\coree\draw\avxLigatureDDK.h">
      <Filter>coree\draw</Filter>
    </ClInclude>
    <ClInclude Include="..\..\..\qwadro\draw\avxMatrix.h">
      <Filter>coree\draw</Filter>
    </ClInclude>
    <ClInclude Include="..\..\..\qwadro\draw\avxPipeline.h">
      <Filter>coree\draw</Filter>
    </ClInclude>
    <ClInclude Include="..\..\coree\draw\avxPipelineDDK.h">
      <Filter>coree\draw</Filter>
    </ClInclude>
    <ClInclude Include="..\..\..\qwadro\draw\avxQueryPool.h">
      <Filter>coree\draw</Filter>
    </ClInclude>
    <ClInclude Include="..\..\coree\draw\avxQueryPoolDDK.h">
      <Filter>coree\draw</Filter>
    </ClInclude>
    <ClInclude Include="..\..\..\qwadro\draw\avxRasterization.h">
      <Filter>coree\draw</Filter>
    </ClInclude>
    <ClInclude Include="..\..\..\qwadro\draw\avxRasterizationEXT.h">
      <Filter>coree\draw</Filter>
    </ClInclude>
    <ClInclude Include="..\..\..\qwadro\draw\avxSampler.h">
      <Filter>coree\draw</Filter>
    </ClInclude>
    <ClInclude Include="..\..\coree\draw\avxSamplerDDK.h">
      <Filter>coree\draw</Filter>
    </ClInclude>
    <ClInclude Include="..\..\..\qwadro\draw\avxShader.h">
      <Filter>coree\draw</Filter>
    </ClInclude>
    <ClInclude Include="..\..\coree\draw\avxShaderDDK.h">
      <Filter>coree\draw</Filter>
    </ClInclude>
    <ClInclude Include="..\..\..\qwadro\draw\avxTransference.h">
      <Filter>coree\draw</Filter>
    </ClInclude>
    <ClInclude Include="..\..\..\qwadro\draw\avxTransformation.h">
      <Filter>coree\draw</Filter>
    </ClInclude>
    <ClInclude Include="..\..\..\qwadro\draw\avxTransformationEXT.h">
      <Filter>coree\draw</Filter>
    </ClInclude>
    <ClInclude Include="..\..\..\qwadro\draw\avxVertexInput.h">
      <Filter>coree\draw</Filter>
    </ClInclude>
    <ClInclude Include="..\..\coree\draw\avxVertexInputDDK.h">
      <Filter>coree\draw</Filter>
    </ClInclude>
    <ClInclude Include="..\..\..\qwadro\draw\avxViewport.h">
      <Filter>coree\draw</Filter>
    </ClInclude>
    <ClInclude Include="..\..\coree\draw\afxDrawBridgeDDK.h">
      <Filter>coree\draw</Filter>
    </ClInclude>
    <ClInclude Include="..\..\coree\draw\afxDrawSystemDDK.h">
      <Filter>coree\draw</Filter>
    </ClInclude>
    <ClInclude Include="..\..\coree\draw\afxDrawQueueDDK.h">
      <Filter>coree\draw</Filter>
    </ClInclude>
    <ClInclude Include="..\..\coree\mix\afxMixContextDDK.h">
      <Filter>coree\mix</Filter>
    </ClInclude>
    <ClInclude Include="..\..\coree\mix\afxMixBridgeDDK.h">
      <Filter>coree\mix</Filter>
    </ClInclude>
    <ClInclude Include="..\..\coree\mix\afxMixQueueDDK.h">
      <Filter>coree\mix</Filter>
    </ClInclude>
    <ClInclude Include="..\..\coree\mix\afxMixSystemDDK.h">
      <Filter>coree\mix</Filter>
    </ClInclude>
    <ClInclude Include="..\..\coree\mix\afxMixDeviceDDK.h">
      <Filter>coree\mix</Filter>
    </ClInclude>
    <ClInclude Include="..\..\..\qwadro\ux\afxEnvironment.h">
      <Filter>coree\ux</Filter>
    </ClInclude>
    <ClInclude Include="..\..\..\qwadro\ux\afxLayout.h">
      <Filter>coree\ux</Filter>
    </ClInclude>
    <ClInclude Include="..\..\..\qwadro\ux\afxShell.h">
      <Filter>coree\ux</Filter>
    </ClInclude>
    <ClInclude Include="..\..\..\qwadro\ux\afxTheme.h">
      <Filter>coree\ux</Filter>
    </ClInclude>
    <ClInclude Include="..\..\..\qwadro\ux\afxUxDefs.h">
      <Filter>coree\ux</Filter>
    </ClInclude>
    <ClInclude Include="..\..\..\qwadro\ux\afxWidget.h">
      <Filter>coree\ux</Filter>
    </ClInclude>
    <ClInclude Include="..\..\..\qwadro\ux\afxWindow.h">
      <Filter>coree\ux</Filter>
    </ClInclude>
    <ClInclude Include="..\..\coree\ux\afxEnvironmentDDK.h">
      <Filter>coree\ux</Filter>
    </ClInclude>
    <ClInclude Include="..\..\coree\ux\auxIcd.h">
      <Filter>coree\ux</Filter>
    </ClInclude>
    <ClInclude Include="..\..\..\qwadro\ux\afxPaint.h">
      <Filter>coree\ux</Filter>
    </ClInclude>
    <ClInclude Include="..\..\coree\ux\afxShellDDK.h">
      <Filter>coree\ux</Filter>
    </ClInclude>
    <ClInclude Include="..\..\coree\ux\afxWidgetDDK.h">
      <Filter>coree\ux</Filter>
    </ClInclude>
    <ClInclude Include="..\..\coree\ux\afxWindowDDK.h">
      <Filter>coree\ux</Filter>
    </ClInclude>
    <ClInclude Include="..\..\coree\draw\afxSurfaceDDK.h">
      <Filter>coree\video</Filter>
    </ClInclude>
    <ClInclude Include="..\..\..\qwadro\hid\afxDisplay.h">
      <Filter>coree\video</Filter>
    </ClInclude>
    <ClInclude Include="..\..\..\qwadro\ux\afxFont.h">
      <Filter>coree\video</Filter>
    </ClInclude>
    <ClInclude Include="..\..\..\qwadro\draw\afxSurface.h">
      <Filter>coree\video</Filter>
    </ClInclude>
    <ClInclude Include="..\..\coree\hid\afxDisplayDDK.h">
      <Filter>coree\video</Filter>
    </ClInclude>
    <ClInclude Include="..\..\coree\ux\afxFontDDK.h">
      <Filter>coree\video</Filter>
    </ClInclude>
    <ClInclude Include="..\..\..\qwadro\pro\afxWarpSystem.h">
      <Filter>coree\pro</Filter>
    </ClInclude>
    <ClInclude Include="..\..\coree\pro\afxWarpBridgeDDK.h">
      <Filter>coree\pro</Filter>
    </ClInclude>
    <ClInclude Include="..\..\coree\pro\afxWarpContextDDK.h">
      <Filter>coree\pro</Filter>
    </ClInclude>
    <ClInclude Include="..\..\coree\pro\afxWarpDeviceDDK.h">
      <Filter>coree\pro</Filter>
    </ClInclude>
    <ClInclude Include="..\..\..\qwadro\pro\acxFormat.h">
      <Filter>coree\pro</Filter>
    </ClInclude>
    <ClInclude Include="..\..\coree\pro\acxIcd.h">
      <Filter>coree\pro</Filter>
    </ClInclude>
    <ClInclude Include="..\..\coree\pro\afxWarpQueueDDK.h">
      <Filter>coree\pro</Filter>
    </ClInclude>
    <ClInclude Include="..\..\coree\pro\afxWarpSystemDDK.h">
      <Filter>coree\pro</Filter>
    </ClInclude>
    <ClInclude Include="..\..\..\qwadro\pro\afxWarpBridge.h">
      <Filter>coree\pro</Filter>
    </ClInclude>
    <ClInclude Include="..\..\..\qwadro\pro\afxWarpContext.h">
      <Filter>coree\pro</Filter>
    </ClInclude>
    <ClInclude Include="..\..\..\qwadro\pro\afxWarpDefs.h">
      <Filter>coree\pro</Filter>
    </ClInclude>
    <ClInclude Include="..\..\..\qwadro\pro\afxWarpDevice.h">
      <Filter>coree\pro</Filter>
    </ClInclude>
    <ClInclude Include="..\..\..\qwadro\pro\afxWarpQueue.h">
      <Filter>coree\pro</Filter>
    </ClInclude>
    <ClInclude Include="..\..\coree\hid\afxHidDDK.h">
      <Filter>coree\hid</Filter>
    </ClInclude>
    <ClInclude Include="..\..\coree\mix\afxSinkDDK.h">
      <Filter>coree\mix</Filter>
    </ClInclude>
    <ClInclude Include="..\..\..\qwadro\draw\avxBusEXT.h">
      <Filter>coree\draw</Filter>
    </ClInclude>
    <ClInclude Include="..\..\..\qwadro\draw\avxBuffer.h">
      <Filter>coree\draw\io</Filter>
    </ClInclude>
    <ClInclude Include="..\..\coree\draw\avxBufferDDK.h">
      <Filter>coree\draw\io</Filter>
    </ClInclude>
    <ClInclude Include="..\..\..\qwadro\draw\avxBuffered.h">
      <Filter>coree\draw\io</Filter>
    </ClInclude>
    <ClInclude Include="..\..\coree\draw\avxIommuDDK.h">
      <Filter>coree\draw\io</Filter>
    </ClInclude>
    <ClInclude Include="..\..\..\qwadro\draw\avxRaster.h">
      <Filter>coree\draw\io</Filter>
    </ClInclude>
    <ClInclude Include="..\..\coree\draw\avxRasterDDK.h">
      <Filter>coree\draw\io</Filter>
    </ClInclude>
    <ClInclude Include="..\..\..\qwadro\draw\avxRasterFile.h">
      <Filter>coree\draw\io</Filter>
    </ClInclude>
    <ClInclude Include="..\..\..\qwadro\draw\avxRasterIo.h">
      <Filter>coree\draw\io</Filter>
    </ClInclude>
    <ClInclude Include="..\..\..\qwadro\draw\avxTxd.h">
      <Filter>coree\draw\io</Filter>
    </ClInclude>
    <ClInclude Include="..\..\..\qwadro\mix\amxAudio.h">
      <Filter>coree\mix\io</Filter>
    </ClInclude>
    <ClInclude Include="..\..\coree\mix\amxAudioDDK.h">
      <Filter>coree\mix\io</Filter>
    </ClInclude>
    <ClInclude Include="..\..\..\qwadro\mix\amxAudioFile.h">
      <Filter>coree\mix\io</Filter>
    </ClInclude>
    <ClInclude Include="..\..\..\qwadro\mix\amxBuffer.h">
      <Filter>coree\mix\io</Filter>
    </ClInclude>
    <ClInclude Include="..\..\coree\mix\amxBufferDDK.h">
      <Filter>coree\mix\io</Filter>
    </ClInclude>
    <ClInclude Include="..\..\..\qwadro\mix\amxBuffered.h">
      <Filter>coree\mix\io</Filter>
    </ClInclude>
    <ClInclude Include="..\..\coree\pro\acxStorageDDK.h">
      <Filter>coree\pro\io</Filter>
    </ClInclude>
    <ClInclude Include="..\..\coree\pro\acxBufferDDK.h">
      <Filter>coree\pro\io</Filter>
    </ClInclude>
    <ClInclude Include="..\..\..\qwadro\pro\acxBuffer.h">
      <Filter>coree\pro\io</Filter>
    </ClInclude>
    <ClInclude Include="..\..\coree\mix\amxStorageDDK.h">
      <Filter>coree\mix\io</Filter>
    </ClInclude>
    <ClInclude Include="..\..\..\qwadro\afxBuffered.h">
      <Filter>coree\mem</Filter>
    </ClInclude>
    <ClInclude Include="..\..\..\qwadro\afxBuffer.h">
      <Filter>coree\mem</Filter>
    </ClInclude>
    <ClInclude Include="..\..\coree\afxBufferDDK.h">
      <Filter>coree\mem</Filter>
    </ClInclude>
    <ClInclude Include="..\..\..\qwadro\afxIommu.h">
      <Filter>coree\io</Filter>
    </ClInclude>
    <ClInclude Include="..\..\coree\afxIommuDDK.h">
      <Filter>coree\io</Filter>
    </ClInclude>
    <ClInclude Include="..\..\..\qwadro\afxIoQueue.h">
      <Filter>coree\io</Filter>
    </ClInclude>
    <ClInclude Include="..\..\coree\afxIoQueueDDK.h">
      <Filter>coree\io</Filter>
    </ClInclude>
    <ClInclude Include="..\..\coree\afxIoContextDDK.h">
      <Filter>coree\io</Filter>
    </ClInclude>
    <ClInclude Include="..\..\..\qwadro\afxFence.h">
      <Filter>coree\io</Filter>
    </ClInclude>
    <ClInclude Include="..\..\coree\afxFenceDDK.h">
      <Filter>coree\io</Filter>
    </ClInclude>
    <ClInclude Include="..\..\coree\afxIoBridgeDDK.h">
      <Filter>coree\io</Filter>
    </ClInclude>
  </ItemGroup>
  <ItemGroup>
    <None Include="..\..\README.md">
      <Filter>coree</Filter>
    </None>
    <None Include="..\..\coree\xss\xssOptMeta.xss">
      <Filter>coree\xss</Filter>
    </None>
    <None Include="..\..\coree\xss\xssOptMeta.xss.inc">
      <Filter>coree\xss</Filter>
    </None>
    <None Include="..\..\coree\xss\xssOptRandom.xss">
      <Filter>coree\xss</Filter>
    </None>
    <None Include="..\..\coree\xss\xssOptRandom.xss.inc">
      <Filter>coree\xss</Filter>
    </None>
    <None Include="..\..\coree\xss\xssCore.xss">
      <Filter>coree\xss</Filter>
    </None>
    <None Include="..\..\coree\xss\xssCore.xss.inc">
      <Filter>coree\xss</Filter>
    </None>
    <None Include="..\..\..\qwadro\draw\README.md">
      <Filter>coree\draw</Filter>
    </None>
  </ItemGroup>
  <ItemGroup>
    <Text Include="..\..\go-horse.txt">
      <Filter>coree</Filter>
    </Text>
  </ItemGroup>
  <ItemGroup>
    <ClCompile Include="..\..\dep\rpmalloc\malloc.c">
      <Filter>dep</Filter>
    </ClCompile>
    <ClCompile Include="..\..\dep\rpmalloc\rpmalloc.c">
      <Filter>dep</Filter>
    </ClCompile>
    <ClCompile Include="..\..\dep\c11threads\c11threads_win32.c">
      <Filter>dep</Filter>
    </ClCompile>
    <ClCompile Include="..\..\dep\tinycthread\tinycthread.c">
      <Filter>dep</Filter>
    </ClCompile>
    <ClCompile Include="..\..\coree\xss\xssOptMeta.c">
      <Filter>coree\xss</Filter>
    </ClCompile>
    <ClCompile Include="..\..\coree\xss\xssOptRandom.c">
      <Filter>coree\xss</Filter>
    </ClCompile>
    <ClCompile Include="..\..\coree\xss\xssPrimitive.c">
      <Filter>coree\xss</Filter>
    </ClCompile>
    <ClCompile Include="..\..\coree\xss\xssUtils.c">
      <Filter>coree\xss</Filter>
    </ClCompile>
    <ClCompile Include="..\..\coree\xss\xssValue.c">
      <Filter>coree\xss</Filter>
    </ClCompile>
    <ClCompile Include="..\..\coree\xss\xssVm.c">
      <Filter>coree\xss</Filter>
    </ClCompile>
    <ClCompile Include="..\..\coree\xss\xssCompiler.c">
      <Filter>coree\xss</Filter>
    </ClCompile>
    <ClCompile Include="..\..\coree\xss\xssCore.c">
      <Filter>coree\xss</Filter>
    </ClCompile>
    <ClCompile Include="..\..\coree\xss\xssDebug.c">
      <Filter>coree\xss</Filter>
    </ClCompile>
    <ClCompile Include="..\..\coree\xss\xssInterfaceIo.c">
      <Filter>coree\xss</Filter>
    </ClCompile>
    <ClCompile Include="..\..\coree\mix\amxCodec.c">
      <Filter>coree\mix</Filter>
    </ClCompile>
    <ClCompile Include="..\..\coree\mix\amxDecoder.c">
      <Filter>coree\mix</Filter>
    </ClCompile>
    <ClCompile Include="..\..\coree\mix\amxEncoder.c">
      <Filter>coree\mix</Filter>
    </ClCompile>
    <ClCompile Include="..\..\coree\mix\amxFormat.c">
      <Filter>coree\mix</Filter>
    </ClCompile>
    <ClCompile Include="..\..\coree\mix\amxIcd.c">
      <Filter>coree\mix</Filter>
    </ClCompile>
    <ClCompile Include="..\..\coree\mix\amxMixage.c">
      <Filter>coree\mix</Filter>
    </ClCompile>
    <ClCompile Include="..\..\coree\mix\amxPump.c">
      <Filter>coree\mix</Filter>
    </ClCompile>
    <ClCompile Include="..\..\coree\mix\amxSound.c">
      <Filter>coree\mix</Filter>
    </ClCompile>
    <ClCompile Include="..\..\coree\mix\amxSoundscape.c">
      <Filter>coree\mix</Filter>
    </ClCompile>
    <ClCompile Include="..\..\coree\mix\amxTracker.c">
      <Filter>coree\mix</Filter>
    </ClCompile>
    <ClCompile Include="..\..\coree\mix\amxVideo.c">
      <Filter>coree\mix</Filter>
    </ClCompile>
    <ClCompile Include="..\..\coree\mix\amxVoice.c">
      <Filter>coree\mix</Filter>
    </ClCompile>
    <ClCompile Include="..\..\coree\mix\afxMixDefs.c">
      <Filter>coree\mix</Filter>
    </ClCompile>
    <ClCompile Include="..\..\coree\hid\afxHid.c">
      <Filter>coree\hid</Filter>
    </ClCompile>
    <ClCompile Include="..\..\coree\hid\afxKeyboard.c">
      <Filter>coree\hid</Filter>
    </ClCompile>
    <ClCompile Include="..\..\coree\hid\afxGamepad.c">
      <Filter>coree\hid</Filter>
    </ClCompile>
    <ClCompile Include="..\..\coree\math\afxVertex.c">
      <Filter>coree\math</Filter>
    </ClCompile>
    <ClCompile Include="..\..\coree\math\afxArithmetic.c">
      <Filter>coree\math</Filter>
    </ClCompile>
    <ClCompile Include="..\..\coree\math\afxArithmetic2.c">
      <Filter>coree\math</Filter>
    </ClCompile>
    <ClCompile Include="..\..\coree\math\afxHyperbolicTrigonometry.c">
      <Filter>coree\math</Filter>
    </ClCompile>
    <ClCompile Include="..\..\coree\math\afxLogarithmic.c">
      <Filter>coree\math</Filter>
    </ClCompile>
    <ClCompile Include="..\..\coree\math\afxMathOps.c">
      <Filter>coree\math</Filter>
    </ClCompile>
    <ClCompile Include="..\..\coree\math\afxMatrix.c">
      <Filter>coree\math</Filter>
    </ClCompile>
    <ClCompile Include="..\..\coree\math\afxQuaternion.c">
      <Filter>coree\math</Filter>
    </ClCompile>
    <ClCompile Include="..\..\coree\math\afxReal16.c">
      <Filter>coree\math</Filter>
    </ClCompile>
    <ClCompile Include="..\..\coree\math\afxRotor.c">
      <Filter>coree\math</Filter>
    </ClCompile>
    <ClCompile Include="..\..\coree\math\afxScalar.c">
      <Filter>coree\math</Filter>
    </ClCompile>
    <ClCompile Include="..\..\coree\math\afxTransform.c">
      <Filter>coree\math</Filter>
    </ClCompile>
    <ClCompile Include="..\..\coree\math\afxTrigonometry.c">
      <Filter>coree\math</Filter>
    </ClCompile>
    <ClCompile Include="..\..\coree\math\afxVector.c">
      <Filter>coree\math</Filter>
    </ClCompile>
    <ClCompile Include="..\..\coree\afxClass.c">
      <Filter>coree\base</Filter>
    </ClCompile>
    <ClCompile Include="..\..\coree\afxCoreDefs.c">
      <Filter>coree\base</Filter>
    </ClCompile>
    <ClCompile Include="..\..\coree\afxFixedString.c">
      <Filter>coree\base</Filter>
    </ClCompile>
    <ClCompile Include="..\..\coree\afxObject.c">
      <Filter>coree\base</Filter>
    </ClCompile>
    <ClCompile Include="..\..\coree\afxRawString.c">
      <Filter>coree\base</Filter>
    </ClCompile>
    <ClCompile Include="..\..\coree\afxRect.c">
      <Filter>coree\base</Filter>
    </ClCompile>
    <ClCompile Include="..\..\coree\afxSimd.c">
      <Filter>coree\base</Filter>
    </ClCompile>
    <ClCompile Include="..\..\coree\afxString.c">
      <Filter>coree\base</Filter>
    </ClCompile>
    <ClCompile Include="..\..\coree\afxUri.c">
      <Filter>coree\base</Filter>
    </ClCompile>
    <ClCompile Include="..\..\coree\afxVersion.c">
      <Filter>coree\base</Filter>
    </ClCompile>
    <ClCompile Include="..\..\coree\afxWarp.c">
      <Filter>coree\base</Filter>
    </ClCompile>
    <ClCompile Include="..\..\coree\afxChain.c">
      <Filter>coree\base</Filter>
    </ClCompile>
    <ClCompile Include="..\..\coree\coll\afxCapsule.c">
      <Filter>coree\coll</Filter>
    </ClCompile>
    <ClCompile Include="..\..\coree\coll\afxFrustum.c">
      <Filter>coree\coll</Filter>
    </ClCompile>
    <ClCompile Include="..\..\coree\coll\afxPlane.c">
      <Filter>coree\coll</Filter>
    </ClCompile>
    <ClCompile Include="..\..\coree\coll\afxRay.c">
      <Filter>coree\coll</Filter>
    </ClCompile>
    <ClCompile Include="..\..\coree\coll\afxSphere.c">
      <Filter>coree\coll</Filter>
    </ClCompile>
    <ClCompile Include="..\..\coree\coll\afxBox.c">
      <Filter>coree\coll</Filter>
    </ClCompile>
    <ClCompile Include="..\..\coree\etc\afxResource.c">
      <Filter>coree\etc</Filter>
    </ClCompile>
    <ClCompile Include="..\..\coree\etc\afxUrd.c">
      <Filter>coree\etc</Filter>
    </ClCompile>
    <ClCompile Include="..\..\coree\etc\afxXml.c">
      <Filter>coree\etc</Filter>
    </ClCompile>
    <ClCompile Include="..\..\coree\etc\afxManifest.c">
      <Filter>coree\etc</Filter>
    </ClCompile>
    <ClCompile Include="..\..\coree\etc\afxManifest2.c">
      <Filter>coree\etc</Filter>
    </ClCompile>
    <ClCompile Include="..\..\coree\afxService.c">
      <Filter>coree\exec</Filter>
    </ClCompile>
    <ClCompile Include="..\..\coree\afxSystem.c">
      <Filter>coree\exec</Filter>
    </ClCompile>
    <ClCompile Include="..\..\coree\afxSystem_W32.c">
      <Filter>coree\exec</Filter>
    </ClCompile>
    <ClCompile Include="..\..\coree\afxSystemModules.c">
      <Filter>coree\exec</Filter>
    </ClCompile>
    <ClCompile Include="..\..\coree\afxTerminal_W32.c">
      <Filter>coree\exec</Filter>
    </ClCompile>
    <ClCompile Include="..\..\coree\afxThread_PC.c">
      <Filter>coree\exec</Filter>
    </ClCompile>
    <ClCompile Include="..\..\coree\afxThreadPool.c">
      <Filter>coree\exec</Filter>
    </ClCompile>
    <ClCompile Include="..\..\coree\afxTime_W32.c">
      <Filter>coree\exec</Filter>
    </ClCompile>
    <ClCompile Include="..\..\coree\afxAtomic_PC.c">
      <Filter>coree\exec</Filter>
    </ClCompile>
    <ClCompile Include="..\..\coree\afxClock_W32.c">
      <Filter>coree\exec</Filter>
    </ClCompile>
    <ClCompile Include="..\..\coree\afxCondition_PC.c">
      <Filter>coree\exec</Filter>
    </ClCompile>
    <ClCompile Include="..\..\coree\afxDebug_W32.c">
      <Filter>coree\exec</Filter>
    </ClCompile>
    <ClCompile Include="..\..\coree\afxDevice.c">
      <Filter>coree\exec</Filter>
    </ClCompile>
    <ClCompile Include="..\..\coree\afxFutex_PC.c">
      <Filter>coree\exec</Filter>
    </ClCompile>
    <ClCompile Include="..\..\coree\afxModule_W32.c">
      <Filter>coree\exec</Filter>
    </ClCompile>
    <ClCompile Include="..\..\coree\afxMutex_PC.c">
      <Filter>coree\exec</Filter>
    </ClCompile>
    <ClCompile Include="..\..\coree\afxProcess_W32.c">
      <Filter>coree\exec</Filter>
    </ClCompile>
    <ClCompile Include="..\..\coree\afxSemaphore.c">
      <Filter>coree\exec</Filter>
    </ClCompile>
    <ClCompile Include="..\..\coree\afxDatabase.c">
      <Filter>coree\io</Filter>
    </ClCompile>
    <ClCompile Include="..\..\coree\afxFile.c">
      <Filter>coree\io</Filter>
    </ClCompile>
    <ClCompile Include="..\..\coree\afxIoBridge.c">
      <Filter>coree\io</Filter>
    </ClCompile>
    <ClCompile Include="..\..\coree\afxIoContext.c">
      <Filter>coree\io</Filter>
    </ClCompile>
    <ClCompile Include="..\..\coree\afxIoPort.c">
      <Filter>coree\io</Filter>
    </ClCompile>
    <ClCompile Include="..\..\coree\afxIoQueue.c">
      <Filter>coree\io</Filter>
    </ClCompile>
    <ClCompile Include="..\..\coree\afxSource.c">
      <Filter>coree\io</Filter>
    </ClCompile>
    <ClCompile Include="..\..\coree\afxStorage.c">
      <Filter>coree\io</Filter>
    </ClCompile>
    <ClCompile Include="..\..\coree\afxStream.c">
      <Filter>coree\io</Filter>
    </ClCompile>
    <ClCompile Include="..\..\coree\afxStreamOps.c">
      <Filter>coree\io</Filter>
    </ClCompile>
    <ClCompile Include="..\..\coree\afxStreamXpu.c">
      <Filter>coree\io</Filter>
    </ClCompile>
    <ClCompile Include="..\..\coree\afxArchive.c">
      <Filter>coree\io</Filter>
    </ClCompile>
    <ClCompile Include="..\..\coree\afxData.c">
      <Filter>coree\io</Filter>
    </ClCompile>
    <ClCompile Include="..\..\coree\afxMemory.c">
      <Filter>coree\mem</Filter>
    </ClCompile>
    <ClCompile Include="..\..\coree\afxMemoryUtil.c">
      <Filter>coree\mem</Filter>
    </ClCompile>
    <ClCompile Include="..\..\coree\afxPool.c">
      <Filter>coree\mem</Filter>
    </ClCompile>
    <ClCompile Include="..\..\coree\afxQueue.c">
      <Filter>coree\mem</Filter>
    </ClCompile>
    <ClCompile Include="..\..\coree\afxRing.c">
      <Filter>coree\mem</Filter>
    </ClCompile>
    <ClCompile Include="..\..\coree\afxSlabAllocator.c">
      <Filter>coree\mem</Filter>
    </ClCompile>
    <ClCompile Include="..\..\coree\afxStack.c">
      <Filter>coree\mem</Filter>
    </ClCompile>
    <ClCompile Include="..\..\coree\afxArena.c">
      <Filter>coree\mem</Filter>
    </ClCompile>
    <ClCompile Include="..\..\coree\afxArray.c">
      <Filter>coree\mem</Filter>
    </ClCompile>
    <ClCompile Include="..\..\coree\afxInterlockedQueue.c">
      <Filter>coree\mem</Filter>
    </ClCompile>
    <ClCompile Include="..\..\coree\afxMappedString.c">
      <Filter>coree\mem</Filter>
    </ClCompile>
    <ClCompile Include="..\..\coree\afxQwadroCpp.cpp">
      <Filter>coree</Filter>
    </ClCompile>
    <ClCompile Include="..\..\coree\afxQwadro.c">
      <Filter>coree</Filter>
    </ClCompile>
    <ClCompile Include="..\..\coree\draw\dpu\avxDpuTransference.c">
      <Filter>coree\draw\dpu</Filter>
    </ClCompile>
    <ClCompile Include="..\..\coree\draw\dpu\avxDpuTransformation.c">
      <Filter>coree\draw\dpu</Filter>
    </ClCompile>
    <ClCompile Include="..\..\coree\draw\dpu\avxDpuContext.c">
      <Filter>coree\draw\dpu</Filter>
    </ClCompile>
    <ClCompile Include="..\..\coree\draw\dpu\avxDpuExecutor.c">
      <Filter>coree\draw\dpu</Filter>
    </ClCompile>
    <ClCompile Include="..\..\coree\draw\dpu\avxDpuPaint.c">
      <Filter>coree\draw\dpu</Filter>
    </ClCompile>
    <ClCompile Include="..\..\coree\draw\dpu\avxDpuRasterIo.c">
      <Filter>coree\draw\dpu</Filter>
    </ClCompile>
    <ClCompile Include="..\..\coree\draw\dpu\avxDpuRasterization.c">
      <Filter>coree\draw\dpu</Filter>
    </ClCompile>
    <ClCompile Include="..\..\coree\mix\mpu\amxMpuAudioIo.c">
      <Filter>coree\mix\mpu</Filter>
    </ClCompile>
    <ClCompile Include="..\..\coree\mix\mpu\amxMpuBufferIo.c">
      <Filter>coree\mix\mpu</Filter>
    </ClCompile>
    <ClCompile Include="..\..\coree\mix\mpu\amxMpuContext.c">
      <Filter>coree\mix\mpu</Filter>
    </ClCompile>
    <ClCompile Include="..\..\coree\mix\mpu\amxMpuExecutor.c">
      <Filter>coree\mix\mpu</Filter>
    </ClCompile>
    <ClCompile Include="..\..\coree\mix\mpu\amxMpuSoundscape.c">
      <Filter>coree\mix\mpu</Filter>
    </ClCompile>
    <ClCompile Include="..\..\coree\mix\mpu\amxMpuTest.c">
      <Filter>coree\mix\mpu</Filter>
    </ClCompile>
    <ClCompile Include="..\..\coree\pro\spu\acxSpuExecutor.c">
      <Filter>coree\pro\spu</Filter>
    </ClCompile>
    <ClCompile Include="..\..\coree\pro\spu\acxSpuContext.c">
      <Filter>coree\pro\spu</Filter>
    </ClCompile>
    <ClCompile Include="..\..\coree\pro\spu\acxSpuBufferIo.c">
      <Filter>coree\pro\spu</Filter>
    </ClCompile>
    <ClCompile Include="..\..\coree\afxConsole.c">
      <Filter>coree\exec</Filter>
    </ClCompile>
    <ClCompile Include="..\..\coree\etc\afxNotation.c">
      <Filter>coree\etc</Filter>
    </ClCompile>
    <ClCompile Include="..\..\coree\math\afxMultiplication.c">
      <Filter>coree\math</Filter>
    </ClCompile>
    <ClCompile Include="..\..\coree\math\afxInterpolation.c">
      <Filter>coree\math</Filter>
    </ClCompile>
    <ClCompile Include="..\..\coree\math\afxTransformation.c">
      <Filter>coree\math</Filter>
    </ClCompile>
    <ClCompile Include="..\..\mirage\sim\arxEngine.c">
      <Filter>mirage\sim</Filter>
    </ClCompile>
    <ClCompile Include="..\..\mirage\sim\arxMiscOps.c">
      <Filter>mirage\sim</Filter>
    </ClCompile>
    <ClCompile Include="..\..\mirage\sim\arxPoseOps.c">
      <Filter>mirage\sim</Filter>
    </ClCompile>
    <ClCompile Include="..\..\mirage\sim\arxSampleContext.c">
      <Filter>mirage\sim</Filter>
    </ClCompile>
    <ClCompile Include="..\..\mirage\sim\arxSimBridge.c">
      <Filter>mirage\sim</Filter>
    </ClCompile>
    <ClCompile Include="..\..\mirage\sim\arxSimQueue.c">
      <Filter>mirage\sim</Filter>
    </ClCompile>
    <ClCompile Include="..\..\mirage\sim\arxSimulation.c">
      <Filter>mirage\sim</Filter>
    </ClCompile>
    <ClCompile Include="..\..\mirage\sim\arxXmd.c">
      <Filter>mirage\sim</Filter>
    </ClCompile>
    <ClCompile Include="..\..\mirage\sim\asxImplementation.c">
      <Filter>mirage\sim</Filter>
    </ClCompile>
    <ClCompile Include="..\..\mirage\sim\asxImpl_Context.c">
      <Filter>mirage\sim</Filter>
    </ClCompile>
    <ClCompile Include="..\..\mirage\sim\asxImpl_Executor.c">
      <Filter>mirage\sim</Filter>
    </ClCompile>
    <ClCompile Include="..\..\mirage\coll\arxBvh.c">
      <Filter>mirage\coll</Filter>
    </ClCompile>
    <ClCompile Include="..\..\mirage\coll\arxCollider.c">
      <Filter>mirage\coll</Filter>
    </ClCompile>
    <ClCompile Include="..\..\mirage\coll\arxCollision.c">
      <Filter>mirage\coll</Filter>
    </ClCompile>
    <ClCompile Include="..\..\mirage\coll\arxOctree.c">
      <Filter>mirage\coll</Filter>
    </ClCompile>
    <ClCompile Include="..\..\mirage\coll\arxQuadtree.c">
      <Filter>mirage\coll</Filter>
    </ClCompile>
    <ClCompile Include="..\..\mirage\cad\arxMaterial.c">
      <Filter>mirage\cad</Filter>
    </ClCompile>
    <ClCompile Include="..\..\mirage\cad\arxMaterialIo.c">
      <Filter>mirage\cad</Filter>
    </ClCompile>
    <ClCompile Include="..\..\mirage\cad\arxMesh.c">
      <Filter>mirage\cad</Filter>
    </ClCompile>
    <ClCompile Include="..\..\mirage\cad\arxMeshFactory.c">
      <Filter>mirage\cad</Filter>
    </ClCompile>
    <ClCompile Include="..\..\mirage\cad\arxMeshIo.c">
      <Filter>mirage\cad</Filter>
    </ClCompile>
    <ClCompile Include="..\..\mirage\cad\arxModel.c">
      <Filter>mirage\cad</Filter>
    </ClCompile>
    <ClCompile Include="..\..\mirage\cad\arxModelIo.c">
      <Filter>mirage\cad</Filter>
    </ClCompile>
    <ClCompile Include="..\..\mirage\cad\arxPose.c">
      <Filter>mirage\cad</Filter>
    </ClCompile>
    <ClCompile Include="..\..\mirage\cad\arxSkeleton.c">
      <Filter>mirage\cad</Filter>
    </ClCompile>
    <ClCompile Include="..\..\mirage\cad\arxTerrain.c">
      <Filter>mirage\cad</Filter>
    </ClCompile>
    <ClCompile Include="..\..\mirage\cad\arxTriangulation.c">
      <Filter>mirage\cad</Filter>
    </ClCompile>
    <ClCompile Include="..\..\mirage\scene\arxBuffer.c">
      <Filter>mirage\scene</Filter>
    </ClCompile>
    <ClCompile Include="..\..\mirage\scene\arxBufferizer.c">
      <Filter>mirage\scene</Filter>
    </ClCompile>
    <ClCompile Include="..\..\mirage\scene\arxCamera.c">
      <Filter>mirage\scene</Filter>
    </ClCompile>
    <ClCompile Include="..\..\mirage\scene\arxIcd.c">
      <Filter>mirage\scene</Filter>
    </ClCompile>
    <ClCompile Include="..\..\mirage\scene\arxIllumination.c">
      <Filter>mirage\scene</Filter>
    </ClCompile>
    <ClCompile Include="..\..\mirage\scene\arxBufferDDK.c">
      <Filter>mirage\scene</Filter>
    </ClCompile>
    <ClCompile Include="..\..\mirage\scene\arxNode.c">
      <Filter>mirage\scene</Filter>
    </ClCompile>
    <ClCompile Include="..\..\mirage\scene\arxPosture.c">
      <Filter>mirage\scene</Filter>
    </ClCompile>
    <ClCompile Include="..\..\mirage\scene\arxScenario.c">
      <Filter>mirage\scene</Filter>
    </ClCompile>
    <ClCompile Include="..\..\mirage\scene\arxSky.c">
      <Filter>mirage\scene</Filter>
    </ClCompile>
    <ClCompile Include="..\..\mirage\anim\arxAnimation.c">
      <Filter>mirage\anim</Filter>
    </ClCompile>
    <ClCompile Include="..\..\mirage\anim\arxAnimationIo.c">
      <Filter>mirage\anim</Filter>
    </ClCompile>
    <ClCompile Include="..\..\mirage\anim\arxPuppet.c">
      <Filter>mirage\anim</Filter>
    </ClCompile>
    <ClCompile Include="..\..\mirage\anim\arxPulley.c">
      <Filter>mirage\anim</Filter>
    </ClCompile>
    <ClCompile Include="..\..\mirage\anim\arxCurve.c">
      <Filter>mirage\anim</Filter>
    </ClCompile>
    <ClCompile Include="..\..\mirage\anim\arxInstancedAnimation.c">
      <Filter>mirage\anim</Filter>
    </ClCompile>
    <ClCompile Include="..\..\mirage\anim\arxGesture.c">
      <Filter>mirage\anim</Filter>
    </ClCompile>
    <ClCompile Include="..\..\mirage\anim\arxMotive.c">
      <Filter>mirage\anim</Filter>
    </ClCompile>
    <ClCompile Include="..\..\mirage\iris\arxMaterialShaders.c">
      <Filter>mirage\iris</Filter>
    </ClCompile>
    <ClCompile Include="..\..\mirage\iris\arxIrisDefs.c">
      <Filter>mirage\iris</Filter>
    </ClCompile>
    <ClCompile Include="..\..\mirage\iris\arxRenderPuppet.c">
      <Filter>mirage\iris</Filter>
    </ClCompile>
    <ClCompile Include="..\..\mirage\iris\arxRenderContext.c">
      <Filter>mirage\iris</Filter>
    </ClCompile>
    <ClCompile Include="..\..\mirage\iris\arxRenderer.c">
      <Filter>mirage\iris</Filter>
    </ClCompile>
    <ClCompile Include="..\..\mirage\iris\arxRenderModel.c">
      <Filter>mirage\iris</Filter>
    </ClCompile>
    <ClCompile Include="..\..\mirage\iris\arxRenderNode.c">
      <Filter>mirage\iris</Filter>
    </ClCompile>
    <ClCompile Include="..\..\mirage\iris\arxWireframe.c">
      <Filter>mirage\iris</Filter>
    </ClCompile>
    <ClCompile Include="..\..\mirage\iris\arxWireframeShaders.c">
      <Filter>mirage\iris</Filter>
    </ClCompile>
    <ClCompile Include="..\..\mirage\iris\arxRenderTerrain.c">
      <Filter>mirage\iris</Filter>
    </ClCompile>
    <ClCompile Include="..\..\mirage\iris\arxTechnique.c">
      <Filter>mirage\iris</Filter>
    </ClCompile>
    <ClCompile Include="..\..\coree\draw\afxDrawDefs.c">
      <Filter>coree\draw</Filter>
    </ClCompile>
    <ClCompile Include="..\..\coree\draw\afxDrawBridge.c">
      <Filter>coree\draw</Filter>
    </ClCompile>
    <ClCompile Include="..\..\coree\draw\avxCanvas.c">
      <Filter>coree\draw</Filter>
    </ClCompile>
    <ClCompile Include="..\..\coree\draw\avxClipping.c">
      <Filter>coree\draw</Filter>
    </ClCompile>
    <ClCompile Include="..\..\coree\draw\avxColor.c">
      <Filter>coree\draw</Filter>
    </ClCompile>
    <ClCompile Include="..\..\coree\draw\afxDrawContext.c">
      <Filter>coree\draw</Filter>
    </ClCompile>
    <ClCompile Include="..\..\coree\draw\afxDrawContextDDK.c">
      <Filter>coree\draw</Filter>
    </ClCompile>
    <ClCompile Include="..\..\coree\draw\afxDrawDevice.c">
      <Filter>coree\draw</Filter>
    </ClCompile>
    <ClCompile Include="..\..\coree\draw\avxFence.c">
      <Filter>coree\draw</Filter>
    </ClCompile>
    <ClCompile Include="..\..\coree\draw\avxFormat.c">
      <Filter>coree\draw</Filter>
    </ClCompile>
    <ClCompile Include="..\..\coree\draw\avxFormatDXT.c">
      <Filter>coree\draw</Filter>
    </ClCompile>
    <ClCompile Include="..\..\coree\draw\avxIcd.c">
      <Filter>coree\draw</Filter>
    </ClCompile>
    <ClCompile Include="..\..\coree\draw\avxLigature.c">
      <Filter>coree\draw</Filter>
    </ClCompile>
    <ClCompile Include="..\..\coree\draw\avxMatrix.c">
      <Filter>coree\draw</Filter>
    </ClCompile>
    <ClCompile Include="..\..\coree\draw\avxPipeline.c">
      <Filter>coree\draw</Filter>
    </ClCompile>
    <ClCompile Include="..\..\coree\draw\avxQueryPool.c">
      <Filter>coree\draw</Filter>
    </ClCompile>
    <ClCompile Include="..\..\coree\draw\avxRasterization.c">
      <Filter>coree\draw</Filter>
    </ClCompile>
    <ClCompile Include="..\..\coree\draw\avxRasterizationEXT.c">
      <Filter>coree\draw</Filter>
    </ClCompile>
    <ClCompile Include="..\..\coree\draw\avxSampler.c">
      <Filter>coree\draw</Filter>
    </ClCompile>
    <ClCompile Include="..\..\coree\draw\avxShader.c">
      <Filter>coree\draw</Filter>
    </ClCompile>
    <ClCompile Include="..\..\coree\draw\avxShaderDDK.c">
      <Filter>coree\draw</Filter>
    </ClCompile>
    <ClCompile Include="..\..\coree\draw\afxDrawSystem.c">
      <Filter>coree\draw</Filter>
    </ClCompile>
    <ClCompile Include="..\..\coree\draw\avxTransformation.c">
      <Filter>coree\draw</Filter>
    </ClCompile>
    <ClCompile Include="..\..\coree\draw\avxTransformationEXT.c">
      <Filter>coree\draw</Filter>
    </ClCompile>
    <ClCompile Include="..\..\coree\draw\avxVertexInput.c">
      <Filter>coree\draw</Filter>
    </ClCompile>
    <ClCompile Include="..\..\coree\draw\avxViewport.c">
      <Filter>coree\draw</Filter>
    </ClCompile>
    <ClCompile Include="..\..\coree\draw\afxDrawQueue.c">
      <Filter>coree\draw</Filter>
    </ClCompile>
    <ClCompile Include="..\..\coree\mix\afxMixContext.c">
      <Filter>coree\mix</Filter>
    </ClCompile>
    <ClCompile Include="..\..\coree\mix\afxMixContextDDK.c">
      <Filter>coree\mix</Filter>
    </ClCompile>
    <ClCompile Include="..\..\coree\mix\afxMixBridge.c">
      <Filter>coree\mix</Filter>
    </ClCompile>
    <ClCompile Include="..\..\coree\mix\afxMixQueue.c">
      <Filter>coree\mix</Filter>
    </ClCompile>
    <ClCompile Include="..\..\coree\mix\afxMixSystem.c">
      <Filter>coree\mix</Filter>
    </ClCompile>
    <ClCompile Include="..\..\coree\mix\afxMixDevice.c">
      <Filter>coree\mix</Filter>
    </ClCompile>
    <ClCompile Include="..\..\coree\ux\afxEnvironment.c">
      <Filter>coree\ux</Filter>
    </ClCompile>
    <ClCompile Include="..\..\coree\ux\afxEnvironmentDDK.c">
      <Filter>coree\ux</Filter>
    </ClCompile>
    <ClCompile Include="..\..\coree\ux\auxIcd.c">
      <Filter>coree\ux</Filter>
    </ClCompile>
    <ClCompile Include="..\..\coree\ux\afxLayout.c">
      <Filter>coree\ux</Filter>
    </ClCompile>
    <ClCompile Include="..\..\coree\ux\afxPaint.c">
      <Filter>coree\ux</Filter>
    </ClCompile>
    <ClCompile Include="..\..\coree\ux\afxShell.c">
      <Filter>coree\ux</Filter>
    </ClCompile>
    <ClCompile Include="..\..\coree\ux\afxTheme.c">
      <Filter>coree\ux</Filter>
    </ClCompile>
    <ClCompile Include="..\..\coree\ux\afxUxXss.c">
      <Filter>coree\ux</Filter>
    </ClCompile>
    <ClCompile Include="..\..\coree\ux\afxWidget.c">
      <Filter>coree\ux</Filter>
    </ClCompile>
    <ClCompile Include="..\..\coree\ux\afxWidgetDDK.c">
      <Filter>coree\ux</Filter>
    </ClCompile>
    <ClCompile Include="..\..\coree\ux\afxWindow.c">
      <Filter>coree\ux</Filter>
    </ClCompile>
    <ClCompile Include="..\..\coree\ux\afxWindowDDK.c">
      <Filter>coree\ux</Filter>
    </ClCompile>
    <ClCompile Include="..\..\coree\hid\afxDisplay.c">
      <Filter>coree\video</Filter>
    </ClCompile>
    <ClCompile Include="..\..\coree\ux\afxFont.c">
      <Filter>coree\video</Filter>
    </ClCompile>
    <ClCompile Include="..\..\coree\draw\afxSurface.c">
      <Filter>coree\video</Filter>
    </ClCompile>
    <ClCompile Include="..\..\coree\draw\afxSurfaceDDK.c">
      <Filter>coree\video</Filter>
    </ClCompile>
    <ClCompile Include="..\..\coree\pro\afxWarpBridge.c">
      <Filter>coree\pro</Filter>
    </ClCompile>
    <ClCompile Include="..\..\coree\pro\afxWarpContext.c">
      <Filter>coree\pro</Filter>
    </ClCompile>
    <ClCompile Include="..\..\coree\pro\afxWarpContextDDK.c">
      <Filter>coree\pro</Filter>
    </ClCompile>
    <ClCompile Include="..\..\coree\pro\afxWarpDevice.c">
      <Filter>coree\pro</Filter>
    </ClCompile>
    <ClCompile Include="..\..\coree\pro\acxIcd.c">
      <Filter>coree\pro</Filter>
    </ClCompile>
    <ClCompile Include="..\..\coree\pro\afxWarpQueue.c">
      <Filter>coree\pro</Filter>
    </ClCompile>
    <ClCompile Include="..\..\coree\pro\afxWarpSystem.c">
      <Filter>coree\pro</Filter>
    </ClCompile>
    <ClCompile Include="..\..\coree\mix\afxSink.c">
      <Filter>coree\mix</Filter>
    </ClCompile>
    <ClCompile Include="..\..\coree\draw\avxBus.c">
      <Filter>coree\draw</Filter>
    </ClCompile>
    <ClCompile Include="..\..\coree\draw\avxTransference.c">
      <Filter>coree\draw</Filter>
    </ClCompile>
    <ClCompile Include="..\..\coree\draw\avxBusEXT.c">
      <Filter>coree\draw</Filter>
    </ClCompile>
    <ClCompile Include="..\..\coree\draw\avxBuffer.c">
      <Filter>coree\draw\io</Filter>
    </ClCompile>
    <ClCompile Include="..\..\coree\draw\avxBuffered.c">
      <Filter>coree\draw\io</Filter>
    </ClCompile>
    <ClCompile Include="..\..\coree\draw\avxBufferIo.c">
      <Filter>coree\draw\io</Filter>
    </ClCompile>
    <ClCompile Include="..\..\coree\draw\avxIommu.c">
      <Filter>coree\draw\io</Filter>
    </ClCompile>
    <ClCompile Include="..\..\coree\draw\avxIommuDDK.c">
      <Filter>coree\draw\io</Filter>
    </ClCompile>
    <ClCompile Include="..\..\coree\draw\avxRaster.c">
      <Filter>coree\draw\io</Filter>
    </ClCompile>
    <ClCompile Include="..\..\coree\draw\avxRasterFile.c">
      <Filter>coree\draw\io</Filter>
    </ClCompile>
    <ClCompile Include="..\..\coree\draw\avxRasterIo.c">
      <Filter>coree\draw\io</Filter>
    </ClCompile>
    <ClCompile Include="..\..\coree\draw\avxTxd.c">
      <Filter>coree\draw\io</Filter>
    </ClCompile>
    <ClCompile Include="..\..\coree\mix\amxAudio.c">
      <Filter>coree\mix\io</Filter>
    </ClCompile>
    <ClCompile Include="..\..\coree\mix\amxAudioFile.c">
      <Filter>coree\mix\io</Filter>
    </ClCompile>
    <ClCompile Include="..\..\coree\mix\amxBuffer.c">
      <Filter>coree\mix\io</Filter>
    </ClCompile>
    <ClCompile Include="..\..\coree\mix\amxBuffered.c">
      <Filter>coree\mix\io</Filter>
    </ClCompile>
    <ClCompile Include="..\..\coree\mix\amxBufferIo.c">
      <Filter>coree\mix\io</Filter>
    </ClCompile>
    <ClCompile Include="..\..\coree\pro\acxStorage.c">
      <Filter>coree\pro\io</Filter>
    </ClCompile>
    <ClCompile Include="..\..\coree\pro\acxBufferIo.c">
      <Filter>coree\pro\io</Filter>
    </ClCompile>
    <ClCompile Include="..\..\coree\pro\acxBuffer.c">
      <Filter>coree\pro\io</Filter>
    </ClCompile>
    <ClCompile Include="..\..\coree\mix\amxStorage.c">
      <Filter>coree\mix\io</Filter>
    </ClCompile>
    <ClCompile Include="..\..\coree\afxBufferIo.c">
      <Filter>coree\mem</Filter>
    </ClCompile>
    <ClCompile Include="..\..\coree\afxBuffer.c">
      <Filter>coree\mem</Filter>
    </ClCompile>
    <ClCompile Include="..\..\coree\afxBuffered.c">
      <Filter>coree\mem</Filter>
    </ClCompile>
    <ClCompile Include="..\..\coree\afxIommu.c">
      <Filter>coree\io</Filter>
    </ClCompile>
    <ClCompile Include="..\..\coree\afxIoContextDDK.c">
      <Filter>coree\io</Filter>
    </ClCompile>
    <ClCompile Include="..\..\coree\afxFence.c">
      <Filter>coree\io</Filter>
    </ClCompile>
  </ItemGroup>
  <ItemGroup>
    <ResourceCompile Include="e2coree.rc">
      <Filter>_dll</Filter>
    </ResourceCompile>
  </ItemGroup>
</Project>